
Microsoft Visual Studio Solution File, Format Version 12.00
# Visual Studio 15
VisualStudioVersion = 15.0.26730.16
MinimumVisualStudioVersion = 10.0.40219.1
Project("{2150E333-8FDC-42A3-9474-1A3956D46DE8}") = "src", "src", "{0E041832-D5A5-4220-BD7D-95B03E66FF98}"
EndProject
Project("{2150E333-8FDC-42A3-9474-1A3956D46DE8}") = "test", "test", "{BDFDFA2C-DA6F-4405-B7B0-31D1B0997150}"
EndProject
Project("{FAE04EC0-301F-11D3-BF4B-00C04F79EFBC}") = "ServiceAnt.test", "test\ServiceAnt.test\ServiceAnt.test.csproj", "{C1990ED7-2C77-453E-BFE3-5F43E1654CF0}"
EndProject
Project("{FAE04EC0-301F-11D3-BF4B-00C04F79EFBC}") = "ServiceAnt", "src\ServiceAnt\ServiceAnt.csproj", "{FB6688E2-094A-4D25-9EEA-85C3B7CCC4A2}"
EndProject
Global
	GlobalSection(SolutionConfigurationPlatforms) = preSolution
		Debug|Any CPU = Debug|Any CPU
		Release|Any CPU = Release|Any CPU
	EndGlobalSection
	GlobalSection(ProjectConfigurationPlatforms) = postSolution
		{C1990ED7-2C77-453E-BFE3-5F43E1654CF0}.Debug|Any CPU.ActiveCfg = Debug|Any CPU
		{C1990ED7-2C77-453E-BFE3-5F43E1654CF0}.Debug|Any CPU.Build.0 = Debug|Any CPU
		{C1990ED7-2C77-453E-BFE3-5F43E1654CF0}.Release|Any CPU.ActiveCfg = Release|Any CPU
		{C1990ED7-2C77-453E-BFE3-5F43E1654CF0}.Release|Any CPU.Build.0 = Release|Any CPU
		{FB6688E2-094A-4D25-9EEA-85C3B7CCC4A2}.Debug|Any CPU.ActiveCfg = Debug|Any CPU
		{FB6688E2-094A-4D25-9EEA-85C3B7CCC4A2}.Debug|Any CPU.Build.0 = Debug|Any CPU
		{FB6688E2-094A-4D25-9EEA-85C3B7CCC4A2}.Release|Any CPU.ActiveCfg = Release|Any CPU
		{FB6688E2-094A-4D25-9EEA-85C3B7CCC4A2}.Release|Any CPU.Build.0 = Release|Any CPU
	EndGlobalSection
	GlobalSection(SolutionProperties) = preSolution
		HideSolutionNode = FALSE
	EndGlobalSection
	GlobalSection(NestedProjects) = preSolution
		{C1990ED7-2C77-453E-BFE3-5F43E1654CF0} = {BDFDFA2C-DA6F-4405-B7B0-31D1B0997150}
		{FB6688E2-094A-4D25-9EEA-85C3B7CCC4A2} = {0E041832-D5A5-4220-BD7D-95B03E66FF98}
	EndGlobalSection
	GlobalSection(ExtensibilityGlobals) = postSolution
		SolutionGuid = {52E5EADF-2B54-4C50-BF32-93550974966D}
	EndGlobalSection
EndGlobal
