
Microsoft Visual Studio Solution File, Format Version 12.00
# Visual Studio 15
VisualStudioVersion = 15.0.26730.8
MinimumVisualStudioVersion = 10.0.40219.1
Project("{2150E333-8FDC-42A3-9474-1A3956D46DE8}") = "src", "src", "{0E041832-D5A5-4220-BD7D-95B03E66FF98}"
EndProject
Project("{2150E333-8FDC-42A3-9474-1A3956D46DE8}") = "test", "test", "{BDFDFA2C-DA6F-4405-B7B0-31D1B0997150}"
EndProject
Project("{FAE04EC0-301F-11D3-BF4B-00C04F79EFBC}") = "ServiceAnt.Test", "test\ServiceAnt.test\ServiceAnt.Test.csproj", "{C1990ED7-2C77-453E-BFE3-5F43E1654CF0}"
EndProject
Project("{FAE04EC0-301F-11D3-BF4B-00C04F79EFBC}") = "ServiceAnt", "src\ServiceAnt\ServiceAnt.csproj", "{FB6688E2-094A-4D25-9EEA-85C3B7CCC4A2}"
EndProject
Project("{FAE04EC0-301F-11D3-BF4B-00C04F79EFBC}") = "ServiceAnt.IocInstaller.Castle", "src\ServiceAnt.IocInstaller.Castle\ServiceAnt.IocInstaller.Castle.csproj", "{B64F120C-36DB-4D4A-8D30-D113CF70BF1A}"
EndProject
Project("{FAE04EC0-301F-11D3-BF4B-00C04F79EFBC}") = "ServiceAnt.IocInstaller.Castle.Test", "test\ServiceAnt.IocInstaller.Castle.test\ServiceAnt.IocInstaller.Castle.Test.csproj", "{288BFA2A-3CA4-4C7A-B912-C953AD11863A}"
EndProject
Project("{FAE04EC0-301F-11D3-BF4B-00C04F79EFBC}") = "ServiceAnt.IocInstaller.Autofac", "src\ServiceAnt.IocInstaller.Autofac\ServiceAnt.IocInstaller.Autofac.csproj", "{1FA5221C-9A54-4132-B7CF-CF7CC7A30E59}"
EndProject
Project("{FAE04EC0-301F-11D3-BF4B-00C04F79EFBC}") = "ServiceAnt.IocInstaller.Autofac.Test", "test\ServiceAnt.IocInstaller.Autofac.Test\ServiceAnt.IocInstaller.Autofac.Test.csproj", "{ABC9A287-31CC-422B-84A2-6EAEF0BD448E}"
EndProject
Global
	GlobalSection(SolutionConfigurationPlatforms) = preSolution
		Debug|Any CPU = Debug|Any CPU
		Release|Any CPU = Release|Any CPU
	EndGlobalSection
	GlobalSection(ProjectConfigurationPlatforms) = postSolution
		{C1990ED7-2C77-453E-BFE3-5F43E1654CF0}.Debug|Any CPU.ActiveCfg = Debug|Any CPU
		{C1990ED7-2C77-453E-BFE3-5F43E1654CF0}.Debug|Any CPU.Build.0 = Debug|Any CPU
		{C1990ED7-2C77-453E-BFE3-5F43E1654CF0}.Release|Any CPU.ActiveCfg = Release|Any CPU
		{C1990ED7-2C77-453E-BFE3-5F43E1654CF0}.Release|Any CPU.Build.0 = Release|Any CPU
		{FB6688E2-094A-4D25-9EEA-85C3B7CCC4A2}.Debug|Any CPU.ActiveCfg = Debug|Any CPU
		{FB6688E2-094A-4D25-9EEA-85C3B7CCC4A2}.Debug|Any CPU.Build.0 = Debug|Any CPU
		{FB6688E2-094A-4D25-9EEA-85C3B7CCC4A2}.Release|Any CPU.ActiveCfg = Release|Any CPU
		{FB6688E2-094A-4D25-9EEA-85C3B7CCC4A2}.Release|Any CPU.Build.0 = Release|Any CPU
		{B64F120C-36DB-4D4A-8D30-D113CF70BF1A}.Debug|Any CPU.ActiveCfg = Debug|Any CPU
		{B64F120C-36DB-4D4A-8D30-D113CF70BF1A}.Debug|Any CPU.Build.0 = Debug|Any CPU
		{B64F120C-36DB-4D4A-8D30-D113CF70BF1A}.Release|Any CPU.ActiveCfg = Release|Any CPU
		{B64F120C-36DB-4D4A-8D30-D113CF70BF1A}.Release|Any CPU.Build.0 = Release|Any CPU
		{288BFA2A-3CA4-4C7A-B912-C953AD11863A}.Debug|Any CPU.ActiveCfg = Debug|Any CPU
		{288BFA2A-3CA4-4C7A-B912-C953AD11863A}.Debug|Any CPU.Build.0 = Debug|Any CPU
		{288BFA2A-3CA4-4C7A-B912-C953AD11863A}.Release|Any CPU.ActiveCfg = Release|Any CPU
		{288BFA2A-3CA4-4C7A-B912-C953AD11863A}.Release|Any CPU.Build.0 = Release|Any CPU
		{1FA5221C-9A54-4132-B7CF-CF7CC7A30E59}.Debug|Any CPU.ActiveCfg = Debug|Any CPU
		{1FA5221C-9A54-4132-B7CF-CF7CC7A30E59}.Debug|Any CPU.Build.0 = Debug|Any CPU
		{1FA5221C-9A54-4132-B7CF-CF7CC7A30E59}.Release|Any CPU.ActiveCfg = Release|Any CPU
		{1FA5221C-9A54-4132-B7CF-CF7CC7A30E59}.Release|Any CPU.Build.0 = Release|Any CPU
		{ABC9A287-31CC-422B-84A2-6EAEF0BD448E}.Debug|Any CPU.ActiveCfg = Debug|Any CPU
		{ABC9A287-31CC-422B-84A2-6EAEF0BD448E}.Debug|Any CPU.Build.0 = Debug|Any CPU
		{ABC9A287-31CC-422B-84A2-6EAEF0BD448E}.Release|Any CPU.ActiveCfg = Release|Any CPU
		{ABC9A287-31CC-422B-84A2-6EAEF0BD448E}.Release|Any CPU.Build.0 = Release|Any CPU
	EndGlobalSection
	GlobalSection(SolutionProperties) = preSolution
		HideSolutionNode = FALSE
	EndGlobalSection
	GlobalSection(NestedProjects) = preSolution
		{C1990ED7-2C77-453E-BFE3-5F43E1654CF0} = {BDFDFA2C-DA6F-4405-B7B0-31D1B0997150}
		{FB6688E2-094A-4D25-9EEA-85C3B7CCC4A2} = {0E041832-D5A5-4220-BD7D-95B03E66FF98}
		{B64F120C-36DB-4D4A-8D30-D113CF70BF1A} = {0E041832-D5A5-4220-BD7D-95B03E66FF98}
		{288BFA2A-3CA4-4C7A-B912-C953AD11863A} = {BDFDFA2C-DA6F-4405-B7B0-31D1B0997150}
		{1FA5221C-9A54-4132-B7CF-CF7CC7A30E59} = {0E041832-D5A5-4220-BD7D-95B03E66FF98}
		{ABC9A287-31CC-422B-84A2-6EAEF0BD448E} = {BDFDFA2C-DA6F-4405-B7B0-31D1B0997150}
	EndGlobalSection
	GlobalSection(ExtensibilityGlobals) = postSolution
		SolutionGuid = {52E5EADF-2B54-4C50-BF32-93550974966D}
	EndGlobalSection
EndGlobal
